
Microsoft Visual Studio Solution File, Format Version 12.00
# Visual Studio 15
Project("{FAE04EC0-301F-11D3-BF4B-00C04F79EFBC}") = "Assembly-CSharp", "Assembly-CSharp.csproj", "{6D46F6DC-1A43-98DE-9B8E-14D1DE454AAA}"
EndProject
Project("{FAE04EC0-301F-11D3-BF4B-00C04F79EFBC}") = "Assembly-CSharp-firstpass", "Assembly-CSharp-firstpass.csproj", "{95DC2E99-BEEE-2BAC-63A4-8C9AC61C7AF1}"
EndProject
Project("{FAE04EC0-301F-11D3-BF4B-00C04F79EFBC}") = "Assembly-CSharp-Editor-firstpass", "Assembly-CSharp-Editor-firstpass.csproj", "{0E9604CC-7F70-A8F8-1181-7E0AB4EEEBFC}"
EndProject
Global
	GlobalSection(SolutionConfigurationPlatforms) = preSolution
		Debug|Any CPU = Debug|Any CPU
		Release|Any CPU = Release|Any CPU
	EndGlobalSection
	GlobalSection(ProjectConfigurationPlatforms) = postSolution
		{6D46F6DC-1A43-98DE-9B8E-14D1DE454AAA}.Debug|Any CPU.ActiveCfg = Debug|Any CPU
		{6D46F6DC-1A43-98DE-9B8E-14D1DE454AAA}.Debug|Any CPU.Build.0 = Debug|Any CPU
		{6D46F6DC-1A43-98DE-9B8E-14D1DE454AAA}.Release|Any CPU.ActiveCfg = Release|Any CPU
		{6D46F6DC-1A43-98DE-9B8E-14D1DE454AAA}.Release|Any CPU.Build.0 = Release|Any CPU
		{95DC2E99-BEEE-2BAC-63A4-8C9AC61C7AF1}.Debug|Any CPU.ActiveCfg = Debug|Any CPU
		{95DC2E99-BEEE-2BAC-63A4-8C9AC61C7AF1}.Debug|Any CPU.Build.0 = Debug|Any CPU
		{95DC2E99-BEEE-2BAC-63A4-8C9AC61C7AF1}.Release|Any CPU.ActiveCfg = Release|Any CPU
		{95DC2E99-BEEE-2BAC-63A4-8C9AC61C7AF1}.Release|Any CPU.Build.0 = Release|Any CPU
		{0E9604CC-7F70-A8F8-1181-7E0AB4EEEBFC}.Debug|Any CPU.ActiveCfg = Debug|Any CPU
		{0E9604CC-7F70-A8F8-1181-7E0AB4EEEBFC}.Debug|Any CPU.Build.0 = Debug|Any CPU
		{0E9604CC-7F70-A8F8-1181-7E0AB4EEEBFC}.Release|Any CPU.ActiveCfg = Release|Any CPU
		{0E9604CC-7F70-A8F8-1181-7E0AB4EEEBFC}.Release|Any CPU.Build.0 = Release|Any CPU
	EndGlobalSection
	GlobalSection(SolutionProperties) = preSolution
		HideSolutionNode = FALSE
	EndGlobalSection
EndGlobal
